
Microsoft Visual Studio Solution File, Format Version 12.00
# Visual Studio 15
VisualStudioVersion = 15.0.26730.8
MinimumVisualStudioVersion = 10.0.40219.1
Project("{FAE04EC0-301F-11D3-BF4B-00C04F79EFBC}") = "PdfComponent.Lib", "PdfComponent.Lib\PdfComponent.Lib.csproj", "{350BDC4C-E9A8-40EA-BB10-5177DF48299F}"
EndProject
Project("{FAE04EC0-301F-11D3-BF4B-00C04F79EFBC}") = "PdfComponentDemo", "PdfComponentDemo\PdfComponentDemo.csproj", "{4DA5E430-37AD-4D6E-9C53-6227853558FC}"
EndProject
Global
	GlobalSection(SolutionConfigurationPlatforms) = preSolution
		Debug|Any CPU = Debug|Any CPU
		Debug|x64 = Debug|x64
		Debug|x86 = Debug|x86
		Release|Any CPU = Release|Any CPU
		Release|x64 = Release|x64
		Release|x86 = Release|x86
	EndGlobalSection
	GlobalSection(ProjectConfigurationPlatforms) = postSolution
		{350BDC4C-E9A8-40EA-BB10-5177DF48299F}.Debug|Any CPU.ActiveCfg = Debug|Any CPU
		{350BDC4C-E9A8-40EA-BB10-5177DF48299F}.Debug|Any CPU.Build.0 = Debug|Any CPU
		{350BDC4C-E9A8-40EA-BB10-5177DF48299F}.Debug|x64.ActiveCfg = Debug|Any CPU
		{350BDC4C-E9A8-40EA-BB10-5177DF48299F}.Debug|x64.Build.0 = Debug|Any CPU
		{350BDC4C-E9A8-40EA-BB10-5177DF48299F}.Debug|x86.ActiveCfg = Debug|Any CPU
		{350BDC4C-E9A8-40EA-BB10-5177DF48299F}.Debug|x86.Build.0 = Debug|Any CPU
		{350BDC4C-E9A8-40EA-BB10-5177DF48299F}.Release|Any CPU.ActiveCfg = Release|Any CPU
		{350BDC4C-E9A8-40EA-BB10-5177DF48299F}.Release|Any CPU.Build.0 = Release|Any CPU
		{350BDC4C-E9A8-40EA-BB10-5177DF48299F}.Release|x64.ActiveCfg = Release|Any CPU
		{350BDC4C-E9A8-40EA-BB10-5177DF48299F}.Release|x64.Build.0 = Release|Any CPU
		{350BDC4C-E9A8-40EA-BB10-5177DF48299F}.Release|x86.ActiveCfg = Release|Any CPU
		{350BDC4C-E9A8-40EA-BB10-5177DF48299F}.Release|x86.Build.0 = Release|Any CPU
		{4DA5E430-37AD-4D6E-9C53-6227853558FC}.Debug|Any CPU.ActiveCfg = Debug|Any CPU
		{4DA5E430-37AD-4D6E-9C53-6227853558FC}.Debug|Any CPU.Build.0 = Debug|Any CPU
		{4DA5E430-37AD-4D6E-9C53-6227853558FC}.Debug|x64.ActiveCfg = Debug|Any CPU
		{4DA5E430-37AD-4D6E-9C53-6227853558FC}.Debug|x64.Build.0 = Debug|Any CPU
		{4DA5E430-37AD-4D6E-9C53-6227853558FC}.Debug|x86.ActiveCfg = Debug|Any CPU
		{4DA5E430-37AD-4D6E-9C53-6227853558FC}.Debug|x86.Build.0 = Debug|Any CPU
		{4DA5E430-37AD-4D6E-9C53-6227853558FC}.Release|Any CPU.ActiveCfg = Release|Any CPU
		{4DA5E430-37AD-4D6E-9C53-6227853558FC}.Release|Any CPU.Build.0 = Release|Any CPU
		{4DA5E430-37AD-4D6E-9C53-6227853558FC}.Release|x64.ActiveCfg = Release|Any CPU
		{4DA5E430-37AD-4D6E-9C53-6227853558FC}.Release|x64.Build.0 = Release|Any CPU
		{4DA5E430-37AD-4D6E-9C53-6227853558FC}.Release|x86.ActiveCfg = Release|Any CPU
		{4DA5E430-37AD-4D6E-9C53-6227853558FC}.Release|x86.Build.0 = Release|Any CPU
	EndGlobalSection
	GlobalSection(SolutionProperties) = preSolution
		HideSolutionNode = FALSE
	EndGlobalSection
	GlobalSection(ExtensibilityGlobals) = postSolution
		SolutionGuid = {2BF8A6CA-9CCF-42FB-8CC9-6780700ADE07}
	EndGlobalSection
EndGlobal
